// !$*UTF8*$!
{
	archiveVersion = 1;
	classes = {
	};
	objectVersion = 46;
	objects = {

/* Begin PBXBuildFile section */
		1804FFCD1DED04F80029E4FB /* FirstView.m in Sources */ = {isa = PBXBuildFile; fileRef = 1804FFCC1DED04F80029E4FB /* FirstView.m */; };
		1804FFD11DED13230029E4FB /* SecondView.m in Sources */ = {isa = PBXBuildFile; fileRef = 1804FFD01DED13230029E4FB /* SecondView.m */; };
		1804FFD41DED20EC0029E4FB /* ThreeView.m in Sources */ = {isa = PBXBuildFile; fileRef = 1804FFD31DED20EC0029E4FB /* ThreeView.m */; };
		1804FFD71DED24850029E4FB /* FourView.m in Sources */ = {isa = PBXBuildFile; fileRef = 1804FFD61DED24850029E4FB /* FourView.m */; };
		1804FFDA1DED267E0029E4FB /* DefineCircle.m in Sources */ = {isa = PBXBuildFile; fileRef = 1804FFD91DED267E0029E4FB /* DefineCircle.m */; };
		1804FFDD1DED522F0029E4FB /* SixView.m in Sources */ = {isa = PBXBuildFile; fileRef = 1804FFDC1DED522F0029E4FB /* SixView.m */; };
		1824121A1DF0FA8900D8F477 /* MainViewController.m in Sources */ = {isa = PBXBuildFile; fileRef = 182412191DF0FA8900D8F477 /* MainViewController.m */; };
		1824121D1DF1023D00D8F477 /* WaveViewController.m in Sources */ = {isa = PBXBuildFile; fileRef = 1824121C1DF1023D00D8F477 /* WaveViewController.m */; };
		182412221DF1036300D8F477 /* WavaImageView.m in Sources */ = {isa = PBXBuildFile; fileRef = 182412211DF1036300D8F477 /* WavaImageView.m */; };
		182412241DF105D200D8F477 /* water.jpg in Resources */ = {isa = PBXBuildFile; fileRef = 182412231DF105D200D8F477 /* water.jpg */; };
		182412261DF10A2A00D8F477 /* Podfile in Resources */ = {isa = PBXBuildFile; fileRef = 182412251DF10A2A00D8F477 /* Podfile */; };
		1824122B1DF1475400D8F477 /* Security.framework in Frameworks */ = {isa = PBXBuildFile; fileRef = 1824122A1DF1475400D8F477 /* Security.framework */; };
		1824122E1DF1726800D8F477 /* SevenView.m in Sources */ = {isa = PBXBuildFile; fileRef = 1824122D1DF1726800D8F477 /* SevenView.m */; };
		1856E2831DEC2E630026B40A /* main.m in Sources */ = {isa = PBXBuildFile; fileRef = 1856E2821DEC2E630026B40A /* main.m */; };
		1856E2861DEC2E630026B40A /* AppDelegate.m in Sources */ = {isa = PBXBuildFile; fileRef = 1856E2851DEC2E630026B40A /* AppDelegate.m */; };
		1856E2891DEC2E630026B40A /* ViewController.m in Sources */ = {isa = PBXBuildFile; fileRef = 1856E2881DEC2E630026B40A /* ViewController.m */; };
		1856E28C1DEC2E630026B40A /* Main.storyboard in Resources */ = {isa = PBXBuildFile; fileRef = 1856E28A1DEC2E630026B40A /* Main.storyboard */; };
		1856E28E1DEC2E630026B40A /* Assets.xcassets in Resources */ = {isa = PBXBuildFile; fileRef = 1856E28D1DEC2E630026B40A /* Assets.xcassets */; };
		1856E2911DEC2E630026B40A /* LaunchScreen.storyboard in Resources */ = {isa = PBXBuildFile; fileRef = 1856E28F1DEC2E630026B40A /* LaunchScreen.storyboard */; };
		1856E29C1DEC2E630026B40A /* CAReplicatorLayerTests.m in Sources */ = {isa = PBXBuildFile; fileRef = 1856E29B1DEC2E630026B40A /* CAReplicatorLayerTests.m */; };
		1856E2A71DEC2E630026B40A /* CAReplicatorLayerUITests.m in Sources */ = {isa = PBXBuildFile; fileRef = 1856E2A61DEC2E630026B40A /* CAReplicatorLayerUITests.m */; };
		18A83C241DF8E5220027F99E /* LodingImageView.m in Sources */ = {isa = PBXBuildFile; fileRef = 18A83C231DF8E5220027F99E /* LodingImageView.m */; };
		18A83C2A1DF908030027F99E /* UIView+LTEmitterLayer.m in Sources */ = {isa = PBXBuildFile; fileRef = 18A83C291DF908030027F99E /* UIView+LTEmitterLayer.m */; };
		18A83C2D1DF90EB10027F99E /* EmiterViewController.m in Sources */ = {isa = PBXBuildFile; fileRef = 18A83C2C1DF90EB10027F99E /* EmiterViewController.m */; };
		18A83C381DF945530027F99E /* GLIRViewController.m in Sources */ = {isa = PBXBuildFile; fileRef = 18A83C311DF945530027F99E /* GLIRViewController.m */; };
		18A83C391DF945530027F99E /* RippleModel.m in Sources */ = {isa = PBXBuildFile; fileRef = 18A83C331DF945530027F99E /* RippleModel.m */; };
		18A83C3A1DF945530027F99E /* RippleTableViewController.m in Sources */ = {isa = PBXBuildFile; fileRef = 18A83C351DF945530027F99E /* RippleTableViewController.m */; };
		18A83C3B1DF945530027F99E /* Shader.fsh in Resources */ = {isa = PBXBuildFile; fileRef = 18A83C361DF945530027F99E /* Shader.fsh */; };
		18A83C3C1DF945530027F99E /* Shader.vsh in Resources */ = {isa = PBXBuildFile; fileRef = 18A83C371DF945530027F99E /* Shader.vsh */; };
		18A83C3E1DF945830027F99E /* QuartzCore.framework in Frameworks */ = {isa = PBXBuildFile; fileRef = 18A83C3D1DF945830027F99E /* QuartzCore.framework */; };
		18A83C401DF945930027F99E /* OpenGLES.framework in Frameworks */ = {isa = PBXBuildFile; fileRef = 18A83C3F1DF945930027F99E /* OpenGLES.framework */; };
		18A83C421DF9459F0027F99E /* GLKit.framework in Frameworks */ = {isa = PBXBuildFile; fileRef = 18A83C411DF9459F0027F99E /* GLKit.framework */; };
		18A83C441DF945AE0027F99E /* CoreVideo.framework in Frameworks */ = {isa = PBXBuildFile; fileRef = 18A83C431DF945AE0027F99E /* CoreVideo.framework */; };
		18A83C461DF945BE0027F99E /* UIKit.framework in Frameworks */ = {isa = PBXBuildFile; fileRef = 18A83C451DF945BE0027F99E /* UIKit.framework */; };
		18A83C481DF945CE0027F99E /* Foundation.framework in Frameworks */ = {isa = PBXBuildFile; fileRef = 18A83C471DF945CE0027F99E /* Foundation.framework */; };
		18A83C4A1DF945E50027F99E /* CoreGraphics.framework in Frameworks */ = {isa = PBXBuildFile; fileRef = 18A83C491DF945E50027F99E /* CoreGraphics.framework */; };
		18A83C4D1DF9467B0027F99E /* RealWaveViewController.m in Sources */ = {isa = PBXBuildFile; fileRef = 18A83C4C1DF9467B0027F99E /* RealWaveViewController.m */; };
		18A83C4F1DF946EA0027F99E /* background.jpg in Resources */ = {isa = PBXBuildFile; fileRef = 18A83C4E1DF946EA0027F99E /* background.jpg */; };
		18A83C531DF94A400027F99E /* Default-568h@2x.png in Resources */ = {isa = PBXBuildFile; fileRef = 18A83C501DF94A400027F99E /* Default-568h@2x.png */; };
		18A83C541DF94A400027F99E /* Default.png in Resources */ = {isa = PBXBuildFile; fileRef = 18A83C511DF94A400027F99E /* Default.png */; };
		18A83C551DF94A400027F99E /* Default@2x.png in Resources */ = {isa = PBXBuildFile; fileRef = 18A83C521DF94A400027F99E /* Default@2x.png */; };
		18A83C561DF94AFF0027F99E /* Shader.fsh in Sources */ = {isa = PBXBuildFile; fileRef = 18A83C361DF945530027F99E /* Shader.fsh */; };
		18A83C571DF94B080027F99E /* Shader.vsh in Sources */ = {isa = PBXBuildFile; fileRef = 18A83C371DF945530027F99E /* Shader.vsh */; };
		18D7E1191DEEA5A100DC605D /* DefineButton.m in Sources */ = {isa = PBXBuildFile; fileRef = 18D7E1181DEEA5A100DC605D /* DefineButton.m */; };
		18F5DB861DF692C600A3A6BA /* MaskViewController.m in Sources */ = {isa = PBXBuildFile; fileRef = 18F5DB851DF692C600A3A6BA /* MaskViewController.m */; };
		18F5DB8C1DF69A4300A3A6BA /* UIView+MaskView.m in Sources */ = {isa = PBXBuildFile; fileRef = 18F5DB8B1DF69A4300A3A6BA /* UIView+MaskView.m */; };
		18FDDA491DFA35E5006C4F53 /* MorePicLodingViewController.m in Sources */ = {isa = PBXBuildFile; fileRef = 18FDDA481DFA35E5006C4F53 /* MorePicLodingViewController.m */; };
		18FDDA4C1DFA3721006C4F53 /* RequestData.m in Sources */ = {isa = PBXBuildFile; fileRef = 18FDDA4B1DFA3721006C4F53 /* RequestData.m */; };
		18FDDA541DFA46EF006C4F53 /* MorePicTableViewCell.m in Sources */ = {isa = PBXBuildFile; fileRef = 18FDDA521DFA46EF006C4F53 /* MorePicTableViewCell.m */; };
		18FDDA551DFA46EF006C4F53 /* MorePicTableViewCell.xib in Resources */ = {isa = PBXBuildFile; fileRef = 18FDDA531DFA46EF006C4F53 /* MorePicTableViewCell.xib */; };
		18FDDA591DFA4952006C4F53 /* MorePicModel.m in Sources */ = {isa = PBXBuildFile; fileRef = 18FDDA581DFA4952006C4F53 /* MorePicModel.m */; };
		18FDDA5B1DFA63AB006C4F53 /* IMG_0602.PNG in Resources */ = {isa = PBXBuildFile; fileRef = 18FDDA5A1DFA63AB006C4F53 /* IMG_0602.PNG */; };
		89F5A65E02D4EAC444A354B0 /* libPods.a in Frameworks */ = {isa = PBXBuildFile; fileRef = 8606DB24FF1BA23F4D6D333B /* libPods.a */; };
/* End PBXBuildFile section */

/* Begin PBXContainerItemProxy section */
		1856E2981DEC2E630026B40A /* PBXContainerItemProxy */ = {
			isa = PBXContainerItemProxy;
			containerPortal = 1856E2761DEC2E630026B40A /* Project object */;
			proxyType = 1;
			remoteGlobalIDString = 1856E27D1DEC2E630026B40A;
			remoteInfo = CAReplicatorLayer;
		};
		1856E2A31DEC2E630026B40A /* PBXContainerItemProxy */ = {
			isa = PBXContainerItemProxy;
			containerPortal = 1856E2761DEC2E630026B40A /* Project object */;
			proxyType = 1;
			remoteGlobalIDString = 1856E27D1DEC2E630026B40A;
			remoteInfo = CAReplicatorLayer;
		};
/* End PBXContainerItemProxy section */

/* Begin PBXFileReference section */
		1208BC13AF37F496058BFB88 /* Pods.release.xcconfig */ = {isa = PBXFileReference; includeInIndex = 1; lastKnownFileType = text.xcconfig; name = Pods.release.xcconfig; path = "Pods/Target Support Files/Pods/Pods.release.xcconfig"; sourceTree = "<group>"; };
		1804FFCB1DED04F80029E4FB /* FirstView.h */ = {isa = PBXFileReference; fileEncoding = 4; lastKnownFileType = sourcecode.c.h; path = FirstView.h; sourceTree = "<group>"; };
		1804FFCC1DED04F80029E4FB /* FirstView.m */ = {isa = PBXFileReference; fileEncoding = 4; lastKnownFileType = sourcecode.c.objc; path = FirstView.m; sourceTree = "<group>"; };
		1804FFCE1DED05DA0029E4FB /* PrefixHeader.pch */ = {isa = PBXFileReference; lastKnownFileType = sourcecode.c.h; path = PrefixHeader.pch; sourceTree = "<group>"; };
		1804FFCF1DED13230029E4FB /* SecondView.h */ = {isa = PBXFileReference; fileEncoding = 4; lastKnownFileType = sourcecode.c.h; path = SecondView.h; sourceTree = "<group>"; };
		1804FFD01DED13230029E4FB /* SecondView.m */ = {isa = PBXFileReference; fileEncoding = 4; lastKnownFileType = sourcecode.c.objc; path = SecondView.m; sourceTree = "<group>"; };
		1804FFD21DED20EC0029E4FB /* ThreeView.h */ = {isa = PBXFileReference; fileEncoding = 4; lastKnownFileType = sourcecode.c.h; path = ThreeView.h; sourceTree = "<group>"; };
		1804FFD31DED20EC0029E4FB /* ThreeView.m */ = {isa = PBXFileReference; fileEncoding = 4; lastKnownFileType = sourcecode.c.objc; path = ThreeView.m; sourceTree = "<group>"; };
		1804FFD51DED24850029E4FB /* FourView.h */ = {isa = PBXFileReference; fileEncoding = 4; lastKnownFileType = sourcecode.c.h; path = FourView.h; sourceTree = "<group>"; };
		1804FFD61DED24850029E4FB /* FourView.m */ = {isa = PBXFileReference; fileEncoding = 4; lastKnownFileType = sourcecode.c.objc; path = FourView.m; sourceTree = "<group>"; };
		1804FFD81DED267E0029E4FB /* DefineCircle.h */ = {isa = PBXFileReference; fileEncoding = 4; lastKnownFileType = sourcecode.c.h; path = DefineCircle.h; sourceTree = "<group>"; };
		1804FFD91DED267E0029E4FB /* DefineCircle.m */ = {isa = PBXFileReference; fileEncoding = 4; lastKnownFileType = sourcecode.c.objc; path = DefineCircle.m; sourceTree = "<group>"; };
		1804FFDB1DED522F0029E4FB /* SixView.h */ = {isa = PBXFileReference; fileEncoding = 4; lastKnownFileType = sourcecode.c.h; path = SixView.h; sourceTree = "<group>"; };
		1804FFDC1DED522F0029E4FB /* SixView.m */ = {isa = PBXFileReference; fileEncoding = 4; lastKnownFileType = sourcecode.c.objc; path = SixView.m; sourceTree = "<group>"; };
		182412181DF0FA8900D8F477 /* MainViewController.h */ = {isa = PBXFileReference; fileEncoding = 4; lastKnownFileType = sourcecode.c.h; name = MainViewController.h; path = Controllers/MainViewController.h; sourceTree = "<group>"; };
		182412191DF0FA8900D8F477 /* MainViewController.m */ = {isa = PBXFileReference; fileEncoding = 4; lastKnownFileType = sourcecode.c.objc; name = MainViewController.m; path = Controllers/MainViewController.m; sourceTree = "<group>"; };
		1824121B1DF1023D00D8F477 /* WaveViewController.h */ = {isa = PBXFileReference; fileEncoding = 4; lastKnownFileType = sourcecode.c.h; path = WaveViewController.h; sourceTree = "<group>"; };
		1824121C1DF1023D00D8F477 /* WaveViewController.m */ = {isa = PBXFileReference; fileEncoding = 4; lastKnownFileType = sourcecode.c.objc; path = WaveViewController.m; sourceTree = "<group>"; };
		182412201DF1036300D8F477 /* WavaImageView.h */ = {isa = PBXFileReference; fileEncoding = 4; lastKnownFileType = sourcecode.c.h; path = WavaImageView.h; sourceTree = "<group>"; };
		182412211DF1036300D8F477 /* WavaImageView.m */ = {isa = PBXFileReference; fileEncoding = 4; lastKnownFileType = sourcecode.c.objc; path = WavaImageView.m; sourceTree = "<group>"; };
		182412231DF105D200D8F477 /* water.jpg */ = {isa = PBXFileReference; lastKnownFileType = image.jpeg; path = water.jpg; sourceTree = "<group>"; };
		182412251DF10A2A00D8F477 /* Podfile */ = {isa = PBXFileReference; fileEncoding = 4; lastKnownFileType = text; path = Podfile; sourceTree = "<group>"; };
		1824122A1DF1475400D8F477 /* Security.framework */ = {isa = PBXFileReference; lastKnownFileType = wrapper.framework; name = Security.framework; path = System/Library/Frameworks/Security.framework; sourceTree = SDKROOT; };
		1824122C1DF1726800D8F477 /* SevenView.h */ = {isa = PBXFileReference; fileEncoding = 4; lastKnownFileType = sourcecode.c.h; path = SevenView.h; sourceTree = "<group>"; };
		1824122D1DF1726800D8F477 /* SevenView.m */ = {isa = PBXFileReference; fileEncoding = 4; lastKnownFileType = sourcecode.c.objc; path = SevenView.m; sourceTree = "<group>"; };
		1856E27E1DEC2E630026B40A /* CAReplicatorLayer.app */ = {isa = PBXFileReference; explicitFileType = wrapper.application; includeInIndex = 0; path = CAReplicatorLayer.app; sourceTree = BUILT_PRODUCTS_DIR; };
		1856E2821DEC2E630026B40A /* main.m */ = {isa = PBXFileReference; lastKnownFileType = sourcecode.c.objc; path = main.m; sourceTree = "<group>"; };
		1856E2841DEC2E630026B40A /* AppDelegate.h */ = {isa = PBXFileReference; lastKnownFileType = sourcecode.c.h; path = AppDelegate.h; sourceTree = "<group>"; };
		1856E2851DEC2E630026B40A /* AppDelegate.m */ = {isa = PBXFileReference; lastKnownFileType = sourcecode.c.objc; path = AppDelegate.m; sourceTree = "<group>"; };
		1856E2871DEC2E630026B40A /* ViewController.h */ = {isa = PBXFileReference; lastKnownFileType = sourcecode.c.h; name = ViewController.h; path = ../ViewController.h; sourceTree = "<group>"; };
		1856E2881DEC2E630026B40A /* ViewController.m */ = {isa = PBXFileReference; lastKnownFileType = sourcecode.c.objc; name = ViewController.m; path = ../ViewController.m; sourceTree = "<group>"; };
		1856E28B1DEC2E630026B40A /* Base */ = {isa = PBXFileReference; lastKnownFileType = file.storyboard; name = Base; path = Base.lproj/Main.storyboard; sourceTree = "<group>"; };
		1856E28D1DEC2E630026B40A /* Assets.xcassets */ = {isa = PBXFileReference; lastKnownFileType = folder.assetcatalog; path = Assets.xcassets; sourceTree = "<group>"; };
		1856E2901DEC2E630026B40A /* Base */ = {isa = PBXFileReference; lastKnownFileType = file.storyboard; name = Base; path = Base.lproj/LaunchScreen.storyboard; sourceTree = "<group>"; };
		1856E2921DEC2E630026B40A /* Info.plist */ = {isa = PBXFileReference; lastKnownFileType = text.plist.xml; path = Info.plist; sourceTree = "<group>"; };
		1856E2971DEC2E630026B40A /* CAReplicatorLayerTests.xctest */ = {isa = PBXFileReference; explicitFileType = wrapper.cfbundle; includeInIndex = 0; path = CAReplicatorLayerTests.xctest; sourceTree = BUILT_PRODUCTS_DIR; };
		1856E29B1DEC2E630026B40A /* CAReplicatorLayerTests.m */ = {isa = PBXFileReference; lastKnownFileType = sourcecode.c.objc; path = CAReplicatorLayerTests.m; sourceTree = "<group>"; };
		1856E29D1DEC2E630026B40A /* Info.plist */ = {isa = PBXFileReference; lastKnownFileType = text.plist.xml; path = Info.plist; sourceTree = "<group>"; };
		1856E2A21DEC2E630026B40A /* CAReplicatorLayerUITests.xctest */ = {isa = PBXFileReference; explicitFileType = wrapper.cfbundle; includeInIndex = 0; path = CAReplicatorLayerUITests.xctest; sourceTree = BUILT_PRODUCTS_DIR; };
		1856E2A61DEC2E630026B40A /* CAReplicatorLayerUITests.m */ = {isa = PBXFileReference; lastKnownFileType = sourcecode.c.objc; path = CAReplicatorLayerUITests.m; sourceTree = "<group>"; };
		1856E2A81DEC2E630026B40A /* Info.plist */ = {isa = PBXFileReference; lastKnownFileType = text.plist.xml; path = Info.plist; sourceTree = "<group>"; };
		18A83C221DF8E5220027F99E /* LodingImageView.h */ = {isa = PBXFileReference; fileEncoding = 4; lastKnownFileType = sourcecode.c.h; path = LodingImageView.h; sourceTree = "<group>"; };
		18A83C231DF8E5220027F99E /* LodingImageView.m */ = {isa = PBXFileReference; fileEncoding = 4; lastKnownFileType = sourcecode.c.objc; path = LodingImageView.m; sourceTree = "<group>"; };
		18A83C281DF908030027F99E /* UIView+LTEmitterLayer.h */ = {isa = PBXFileReference; fileEncoding = 4; lastKnownFileType = sourcecode.c.h; path = "UIView+LTEmitterLayer.h"; sourceTree = "<group>"; };
		18A83C291DF908030027F99E /* UIView+LTEmitterLayer.m */ = {isa = PBXFileReference; fileEncoding = 4; lastKnownFileType = sourcecode.c.objc; path = "UIView+LTEmitterLayer.m"; sourceTree = "<group>"; };
		18A83C2B1DF90EB10027F99E /* EmiterViewController.h */ = {isa = PBXFileReference; fileEncoding = 4; lastKnownFileType = sourcecode.c.h; path = EmiterViewController.h; sourceTree = "<group>"; };
		18A83C2C1DF90EB10027F99E /* EmiterViewController.m */ = {isa = PBXFileReference; fileEncoding = 4; lastKnownFileType = sourcecode.c.objc; path = EmiterViewController.m; sourceTree = "<group>"; };
		18A83C301DF945530027F99E /* GLIRViewController.h */ = {isa = PBXFileReference; fileEncoding = 4; lastKnownFileType = sourcecode.c.h; path = GLIRViewController.h; sourceTree = "<group>"; };
		18A83C311DF945530027F99E /* GLIRViewController.m */ = {isa = PBXFileReference; fileEncoding = 4; lastKnownFileType = sourcecode.c.objc; path = GLIRViewController.m; sourceTree = "<group>"; };
		18A83C321DF945530027F99E /* RippleModel.h */ = {isa = PBXFileReference; fileEncoding = 4; lastKnownFileType = sourcecode.c.h; path = RippleModel.h; sourceTree = "<group>"; };
		18A83C331DF945530027F99E /* RippleModel.m */ = {isa = PBXFileReference; fileEncoding = 4; lastKnownFileType = sourcecode.c.objc; path = RippleModel.m; sourceTree = "<group>"; };
		18A83C341DF945530027F99E /* RippleTableViewController.h */ = {isa = PBXFileReference; fileEncoding = 4; lastKnownFileType = sourcecode.c.h; path = RippleTableViewController.h; sourceTree = "<group>"; };
		18A83C351DF945530027F99E /* RippleTableViewController.m */ = {isa = PBXFileReference; fileEncoding = 4; lastKnownFileType = sourcecode.c.objc; path = RippleTableViewController.m; sourceTree = "<group>"; };
		18A83C361DF945530027F99E /* Shader.fsh */ = {isa = PBXFileReference; fileEncoding = 4; lastKnownFileType = sourcecode.glsl; path = Shader.fsh; sourceTree = "<group>"; };
		18A83C371DF945530027F99E /* Shader.vsh */ = {isa = PBXFileReference; fileEncoding = 4; lastKnownFileType = sourcecode.glsl; path = Shader.vsh; sourceTree = "<group>"; };
		18A83C3D1DF945830027F99E /* QuartzCore.framework */ = {isa = PBXFileReference; lastKnownFileType = wrapper.framework; name = QuartzCore.framework; path = System/Library/Frameworks/QuartzCore.framework; sourceTree = SDKROOT; };
		18A83C3F1DF945930027F99E /* OpenGLES.framework */ = {isa = PBXFileReference; lastKnownFileType = wrapper.framework; name = OpenGLES.framework; path = System/Library/Frameworks/OpenGLES.framework; sourceTree = SDKROOT; };
		18A83C411DF9459F0027F99E /* GLKit.framework */ = {isa = PBXFileReference; lastKnownFileType = wrapper.framework; name = GLKit.framework; path = System/Library/Frameworks/GLKit.framework; sourceTree = SDKROOT; };
		18A83C431DF945AE0027F99E /* CoreVideo.framework */ = {isa = PBXFileReference; lastKnownFileType = wrapper.framework; name = CoreVideo.framework; path = System/Library/Frameworks/CoreVideo.framework; sourceTree = SDKROOT; };
		18A83C451DF945BE0027F99E /* UIKit.framework */ = {isa = PBXFileReference; lastKnownFileType = wrapper.framework; name = UIKit.framework; path = System/Library/Frameworks/UIKit.framework; sourceTree = SDKROOT; };
		18A83C471DF945CE0027F99E /* Foundation.framework */ = {isa = PBXFileReference; lastKnownFileType = wrapper.framework; name = Foundation.framework; path = System/Library/Frameworks/Foundation.framework; sourceTree = SDKROOT; };
		18A83C491DF945E50027F99E /* CoreGraphics.framework */ = {isa = PBXFileReference; lastKnownFileType = wrapper.framework; name = CoreGraphics.framework; path = System/Library/Frameworks/CoreGraphics.framework; sourceTree = SDKROOT; };
		18A83C4B1DF9467B0027F99E /* RealWaveViewController.h */ = {isa = PBXFileReference; fileEncoding = 4; lastKnownFileType = sourcecode.c.h; path = RealWaveViewController.h; sourceTree = "<group>"; };
		18A83C4C1DF9467B0027F99E /* RealWaveViewController.m */ = {isa = PBXFileReference; fileEncoding = 4; lastKnownFileType = sourcecode.c.objc; path = RealWaveViewController.m; sourceTree = "<group>"; };
		18A83C4E1DF946EA0027F99E /* background.jpg */ = {isa = PBXFileReference; lastKnownFileType = image.jpeg; path = background.jpg; sourceTree = "<group>"; };
		18A83C501DF94A400027F99E /* Default-568h@2x.png */ = {isa = PBXFileReference; lastKnownFileType = image.png; path = "Default-568h@2x.png"; sourceTree = "<group>"; };
		18A83C511DF94A400027F99E /* Default.png */ = {isa = PBXFileReference; lastKnownFileType = image.png; path = Default.png; sourceTree = "<group>"; };
		18A83C521DF94A400027F99E /* Default@2x.png */ = {isa = PBXFileReference; lastKnownFileType = image.png; path = "Default@2x.png"; sourceTree = "<group>"; };
		18D7E1171DEEA5A100DC605D /* DefineButton.h */ = {isa = PBXFileReference; fileEncoding = 4; lastKnownFileType = sourcecode.c.h; path = DefineButton.h; sourceTree = "<group>"; };
		18D7E1181DEEA5A100DC605D /* DefineButton.m */ = {isa = PBXFileReference; fileEncoding = 4; lastKnownFileType = sourcecode.c.objc; path = DefineButton.m; sourceTree = "<group>"; };
		18F5DB841DF692C600A3A6BA /* MaskViewController.h */ = {isa = PBXFileReference; fileEncoding = 4; lastKnownFileType = sourcecode.c.h; path = MaskViewController.h; sourceTree = "<group>"; };
		18F5DB851DF692C600A3A6BA /* MaskViewController.m */ = {isa = PBXFileReference; fileEncoding = 4; lastKnownFileType = sourcecode.c.objc; path = MaskViewController.m; sourceTree = "<group>"; };
		18F5DB8A1DF69A4300A3A6BA /* UIView+MaskView.h */ = {isa = PBXFileReference; fileEncoding = 4; lastKnownFileType = sourcecode.c.h; path = "UIView+MaskView.h"; sourceTree = "<group>"; };
		18F5DB8B1DF69A4300A3A6BA /* UIView+MaskView.m */ = {isa = PBXFileReference; fileEncoding = 4; lastKnownFileType = sourcecode.c.objc; path = "UIView+MaskView.m"; sourceTree = "<group>"; };
		18FDDA471DFA35E5006C4F53 /* MorePicLodingViewController.h */ = {isa = PBXFileReference; fileEncoding = 4; lastKnownFileType = sourcecode.c.h; path = MorePicLodingViewController.h; sourceTree = "<group>"; };
		18FDDA481DFA35E5006C4F53 /* MorePicLodingViewController.m */ = {isa = PBXFileReference; fileEncoding = 4; lastKnownFileType = sourcecode.c.objc; path = MorePicLodingViewController.m; sourceTree = "<group>"; };
		18FDDA4A1DFA3721006C4F53 /* RequestData.h */ = {isa = PBXFileReference; fileEncoding = 4; lastKnownFileType = sourcecode.c.h; path = RequestData.h; sourceTree = "<group>"; };
		18FDDA4B1DFA3721006C4F53 /* RequestData.m */ = {isa = PBXFileReference; fileEncoding = 4; lastKnownFileType = sourcecode.c.objc; path = RequestData.m; sourceTree = "<group>"; };
		18FDDA511DFA46EF006C4F53 /* MorePicTableViewCell.h */ = {isa = PBXFileReference; fileEncoding = 4; lastKnownFileType = sourcecode.c.h; path = MorePicTableViewCell.h; sourceTree = "<group>"; };
		18FDDA521DFA46EF006C4F53 /* MorePicTableViewCell.m */ = {isa = PBXFileReference; fileEncoding = 4; lastKnownFileType = sourcecode.c.objc; path = MorePicTableViewCell.m; sourceTree = "<group>"; };
		18FDDA531DFA46EF006C4F53 /* MorePicTableViewCell.xib */ = {isa = PBXFileReference; fileEncoding = 4; lastKnownFileType = file.xib; path = MorePicTableViewCell.xib; sourceTree = "<group>"; };
		18FDDA571DFA4952006C4F53 /* MorePicModel.h */ = {isa = PBXFileReference; fileEncoding = 4; lastKnownFileType = sourcecode.c.h; path = MorePicModel.h; sourceTree = "<group>"; };
		18FDDA581DFA4952006C4F53 /* MorePicModel.m */ = {isa = PBXFileReference; fileEncoding = 4; lastKnownFileType = sourcecode.c.objc; path = MorePicModel.m; sourceTree = "<group>"; };
		18FDDA5A1DFA63AB006C4F53 /* IMG_0602.PNG */ = {isa = PBXFileReference; lastKnownFileType = image.png; path = IMG_0602.PNG; sourceTree = "<group>"; };
		2989F0E1167C00DF30D6C4AE /* Pods.debug.xcconfig */ = {isa = PBXFileReference; includeInIndex = 1; lastKnownFileType = text.xcconfig; name = Pods.debug.xcconfig; path = "Pods/Target Support Files/Pods/Pods.debug.xcconfig"; sourceTree = "<group>"; };
		8606DB24FF1BA23F4D6D333B /* libPods.a */ = {isa = PBXFileReference; explicitFileType = archive.ar; includeInIndex = 0; path = libPods.a; sourceTree = BUILT_PRODUCTS_DIR; };
/* End PBXFileReference section */

/* Begin PBXFrameworksBuildPhase section */
		1856E27B1DEC2E630026B40A /* Frameworks */ = {
			isa = PBXFrameworksBuildPhase;
			buildActionMask = 2147483647;
			files = (
				18A83C4A1DF945E50027F99E /* CoreGraphics.framework in Frameworks */,
				18A83C481DF945CE0027F99E /* Foundation.framework in Frameworks */,
				18A83C461DF945BE0027F99E /* UIKit.framework in Frameworks */,
				18A83C441DF945AE0027F99E /* CoreVideo.framework in Frameworks */,
				18A83C421DF9459F0027F99E /* GLKit.framework in Frameworks */,
				18A83C401DF945930027F99E /* OpenGLES.framework in Frameworks */,
				18A83C3E1DF945830027F99E /* QuartzCore.framework in Frameworks */,
				1824122B1DF1475400D8F477 /* Security.framework in Frameworks */,
				89F5A65E02D4EAC444A354B0 /* libPods.a in Frameworks */,
			);
			runOnlyForDeploymentPostprocessing = 0;
		};
		1856E2941DEC2E630026B40A /* Frameworks */ = {
			isa = PBXFrameworksBuildPhase;
			buildActionMask = 2147483647;
			files = (
			);
			runOnlyForDeploymentPostprocessing = 0;
		};
		1856E29F1DEC2E630026B40A /* Frameworks */ = {
			isa = PBXFrameworksBuildPhase;
			buildActionMask = 2147483647;
			files = (
			);
			runOnlyForDeploymentPostprocessing = 0;
		};
/* End PBXFrameworksBuildPhase section */

/* Begin PBXGroup section */
		182412171DF0FA6500D8F477 /* Controllers */ = {
			isa = PBXGroup;
			children = (
				1856E2871DEC2E630026B40A /* ViewController.h */,
				1856E2881DEC2E630026B40A /* ViewController.m */,
				1824121B1DF1023D00D8F477 /* WaveViewController.h */,
				1824121C1DF1023D00D8F477 /* WaveViewController.m */,
				18F5DB841DF692C600A3A6BA /* MaskViewController.h */,
				18F5DB851DF692C600A3A6BA /* MaskViewController.m */,
				18A83C2B1DF90EB10027F99E /* EmiterViewController.h */,
				18A83C2C1DF90EB10027F99E /* EmiterViewController.m */,
				18A83C4B1DF9467B0027F99E /* RealWaveViewController.h */,
				18A83C4C1DF9467B0027F99E /* RealWaveViewController.m */,
				18FDDA471DFA35E5006C4F53 /* MorePicLodingViewController.h */,
				18FDDA481DFA35E5006C4F53 /* MorePicLodingViewController.m */,
			);
			path = Controllers;
			sourceTree = "<group>";
		};
		1824121E1DF1032700D8F477 /* Views */ = {
			isa = PBXGroup;
			children = (
				18FDDA561DFA492B006C4F53 /* MorePicModel */,
				18FDDA4D1DFA46BB006C4F53 /* Cells */,
				18F5DB831DF692A100A3A6BA /* MaskView */,
				1824121F1DF1032700D8F477 /* Wave */,
			);
			path = Views;
			sourceTree = "<group>";
		};
		1824121F1DF1032700D8F477 /* Wave */ = {
			isa = PBXGroup;
			children = (
				182412201DF1036300D8F477 /* WavaImageView.h */,
				182412211DF1036300D8F477 /* WavaImageView.m */,
			);
			path = Wave;
			sourceTree = "<group>";
		};
		1856E2751DEC2E630026B40A = {
			isa = PBXGroup;
			children = (
				182412251DF10A2A00D8F477 /* Podfile */,
				1856E2801DEC2E630026B40A /* CAReplicatorLayer */,
				1856E29A1DEC2E630026B40A /* CAReplicatorLayerTests */,
				1856E2A51DEC2E630026B40A /* CAReplicatorLayerUITests */,
				1856E27F1DEC2E630026B40A /* Products */,
				48D57F230644C104EE9F34D3 /* Pods */,
				CAF439E64E5AFB9AEC070CB6 /* Frameworks */,
			);
			sourceTree = "<group>";
		};
		1856E27F1DEC2E630026B40A /* Products */ = {
			isa = PBXGroup;
			children = (
				1856E27E1DEC2E630026B40A /* CAReplicatorLayer.app */,
				1856E2971DEC2E630026B40A /* CAReplicatorLayerTests.xctest */,
				1856E2A21DEC2E630026B40A /* CAReplicatorLayerUITests.xctest */,
			);
			name = Products;
			sourceTree = "<group>";
		};
		1856E2801DEC2E630026B40A /* CAReplicatorLayer */ = {
			isa = PBXGroup;
			children = (
				18A83C2E1DF945530027F99E /* Vendor */,
				1824121E1DF1032700D8F477 /* Views */,
				182412171DF0FA6500D8F477 /* Controllers */,
				1856E2B41DEC337F0026B40A /* UIBezierPathView */,
				1856E2841DEC2E630026B40A /* AppDelegate.h */,
				1856E2851DEC2E630026B40A /* AppDelegate.m */,
				182412181DF0FA8900D8F477 /* MainViewController.h */,
				182412191DF0FA8900D8F477 /* MainViewController.m */,
				1804FFD81DED267E0029E4FB /* DefineCircle.h */,
				1804FFD91DED267E0029E4FB /* DefineCircle.m */,
				1856E28A1DEC2E630026B40A /* Main.storyboard */,
				182412231DF105D200D8F477 /* water.jpg */,
				18FDDA5A1DFA63AB006C4F53 /* IMG_0602.PNG */,
				18A83C501DF94A400027F99E /* Default-568h@2x.png */,
				18A83C511DF94A400027F99E /* Default.png */,
				18A83C521DF94A400027F99E /* Default@2x.png */,
				18A83C4E1DF946EA0027F99E /* background.jpg */,
				1856E28D1DEC2E630026B40A /* Assets.xcassets */,
				1856E28F1DEC2E630026B40A /* LaunchScreen.storyboard */,
				1856E2921DEC2E630026B40A /* Info.plist */,
				1856E2811DEC2E630026B40A /* Supporting Files */,
				1804FFCE1DED05DA0029E4FB /* PrefixHeader.pch */,
			);
			path = CAReplicatorLayer;
			sourceTree = "<group>";
		};
		1856E2811DEC2E630026B40A /* Supporting Files */ = {
			isa = PBXGroup;
			children = (
				1856E2821DEC2E630026B40A /* main.m */,
			);
			name = "Supporting Files";
			sourceTree = "<group>";
		};
		1856E29A1DEC2E630026B40A /* CAReplicatorLayerTests */ = {
			isa = PBXGroup;
			children = (
				1856E29B1DEC2E630026B40A /* CAReplicatorLayerTests.m */,
				1856E29D1DEC2E630026B40A /* Info.plist */,
			);
			path = CAReplicatorLayerTests;
			sourceTree = "<group>";
		};
		1856E2A51DEC2E630026B40A /* CAReplicatorLayerUITests */ = {
			isa = PBXGroup;
			children = (
				1856E2A61DEC2E630026B40A /* CAReplicatorLayerUITests.m */,
				1856E2A81DEC2E630026B40A /* Info.plist */,
			);
			path = CAReplicatorLayerUITests;
			sourceTree = "<group>";
		};
		1856E2B41DEC337F0026B40A /* UIBezierPathView */ = {
			isa = PBXGroup;
			children = (
				18D7E1161DEEA47E00DC605D /* DefineButton */,
				1856E2B51DEC337F0026B40A /* UIBezierPathView1 */,
			);
			path = UIBezierPathView;
			sourceTree = "<group>";
		};
		1856E2B51DEC337F0026B40A /* UIBezierPathView1 */ = {
			isa = PBXGroup;
			children = (
				1804FFCB1DED04F80029E4FB /* FirstView.h */,
				1804FFCC1DED04F80029E4FB /* FirstView.m */,
				1804FFCF1DED13230029E4FB /* SecondView.h */,
				1804FFD01DED13230029E4FB /* SecondView.m */,
				1804FFD21DED20EC0029E4FB /* ThreeView.h */,
				1804FFD31DED20EC0029E4FB /* ThreeView.m */,
				1804FFD51DED24850029E4FB /* FourView.h */,
				1804FFD61DED24850029E4FB /* FourView.m */,
				1804FFDB1DED522F0029E4FB /* SixView.h */,
				1804FFDC1DED522F0029E4FB /* SixView.m */,
				1824122C1DF1726800D8F477 /* SevenView.h */,
				1824122D1DF1726800D8F477 /* SevenView.m */,
			);
			path = UIBezierPathView1;
			sourceTree = "<group>";
		};
		18A83C2E1DF945530027F99E /* Vendor */ = {
			isa = PBXGroup;
			children = (
				18A83C2F1DF945530027F99E /* RealWave */,
			);
			path = Vendor;
			sourceTree = "<group>";
		};
		18A83C2F1DF945530027F99E /* RealWave */ = {
			isa = PBXGroup;
			children = (
				18A83C301DF945530027F99E /* GLIRViewController.h */,
				18A83C311DF945530027F99E /* GLIRViewController.m */,
				18A83C321DF945530027F99E /* RippleModel.h */,
				18A83C331DF945530027F99E /* RippleModel.m */,
				18A83C341DF945530027F99E /* RippleTableViewController.h */,
				18A83C351DF945530027F99E /* RippleTableViewController.m */,
				18A83C361DF945530027F99E /* Shader.fsh */,
				18A83C371DF945530027F99E /* Shader.vsh */,
			);
			path = RealWave;
			sourceTree = "<group>";
		};
		18D7E1161DEEA47E00DC605D /* DefineButton */ = {
			isa = PBXGroup;
			children = (
				18D7E1171DEEA5A100DC605D /* DefineButton.h */,
				18D7E1181DEEA5A100DC605D /* DefineButton.m */,
			);
			path = DefineButton;
			sourceTree = "<group>";
		};
		18F5DB831DF692A100A3A6BA /* MaskView */ = {
			isa = PBXGroup;
			children = (
				18F5DB8A1DF69A4300A3A6BA /* UIView+MaskView.h */,
				18F5DB8B1DF69A4300A3A6BA /* UIView+MaskView.m */,
				18A83C221DF8E5220027F99E /* LodingImageView.h */,
				18A83C231DF8E5220027F99E /* LodingImageView.m */,
				18A83C281DF908030027F99E /* UIView+LTEmitterLayer.h */,
				18A83C291DF908030027F99E /* UIView+LTEmitterLayer.m */,
				18FDDA4A1DFA3721006C4F53 /* RequestData.h */,
				18FDDA4B1DFA3721006C4F53 /* RequestData.m */,
			);
			path = MaskView;
			sourceTree = "<group>";
		};
		18FDDA4D1DFA46BB006C4F53 /* Cells */ = {
			isa = PBXGroup;
			children = (
				18FDDA511DFA46EF006C4F53 /* MorePicTableViewCell.h */,
				18FDDA521DFA46EF006C4F53 /* MorePicTableViewCell.m */,
				18FDDA531DFA46EF006C4F53 /* MorePicTableViewCell.xib */,
			);
			path = Cells;
			sourceTree = "<group>";
		};
		18FDDA561DFA492B006C4F53 /* MorePicModel */ = {
			isa = PBXGroup;
			children = (
				18FDDA571DFA4952006C4F53 /* MorePicModel.h */,
				18FDDA581DFA4952006C4F53 /* MorePicModel.m */,
			);
			path = MorePicModel;
			sourceTree = "<group>";
		};
		48D57F230644C104EE9F34D3 /* Pods */ = {
			isa = PBXGroup;
			children = (
				2989F0E1167C00DF30D6C4AE /* Pods.debug.xcconfig */,
				1208BC13AF37F496058BFB88 /* Pods.release.xcconfig */,
			);
			name = Pods;
			sourceTree = "<group>";
		};
		CAF439E64E5AFB9AEC070CB6 /* Frameworks */ = {
			isa = PBXGroup;
			children = (
				18A83C491DF945E50027F99E /* CoreGraphics.framework */,
				18A83C471DF945CE0027F99E /* Foundation.framework */,
				18A83C451DF945BE0027F99E /* UIKit.framework */,
				18A83C431DF945AE0027F99E /* CoreVideo.framework */,
				18A83C411DF9459F0027F99E /* GLKit.framework */,
				18A83C3F1DF945930027F99E /* OpenGLES.framework */,
				18A83C3D1DF945830027F99E /* QuartzCore.framework */,
				1824122A1DF1475400D8F477 /* Security.framework */,
				8606DB24FF1BA23F4D6D333B /* libPods.a */,
			);
			name = Frameworks;
			sourceTree = "<group>";
		};
/* End PBXGroup section */

/* Begin PBXNativeTarget section */
		1856E27D1DEC2E630026B40A /* CAReplicatorLayer */ = {
			isa = PBXNativeTarget;
			buildConfigurationList = 1856E2AB1DEC2E630026B40A /* Build configuration list for PBXNativeTarget "CAReplicatorLayer" */;
			buildPhases = (
				6A2FD4A73EC1D1C481B8C872 /* Check Pods Manifest.lock */,
				1856E27A1DEC2E630026B40A /* Sources */,
				1856E27B1DEC2E630026B40A /* Frameworks */,
				1856E27C1DEC2E630026B40A /* Resources */,
				8D601B3B0EE519D1F44102EA /* Embed Pods Frameworks */,
				9D5F21828E0A86BAD1E51920 /* Copy Pods Resources */,
			);
			buildRules = (
			);
			dependencies = (
			);
			name = CAReplicatorLayer;
			productName = CAReplicatorLayer;
			productReference = 1856E27E1DEC2E630026B40A /* CAReplicatorLayer.app */;
			productType = "com.apple.product-type.application";
		};
		1856E2961DEC2E630026B40A /* CAReplicatorLayerTests */ = {
			isa = PBXNativeTarget;
			buildConfigurationList = 1856E2AE1DEC2E630026B40A /* Build configuration list for PBXNativeTarget "CAReplicatorLayerTests" */;
			buildPhases = (
				1856E2931DEC2E630026B40A /* Sources */,
				1856E2941DEC2E630026B40A /* Frameworks */,
				1856E2951DEC2E630026B40A /* Resources */,
			);
			buildRules = (
			);
			dependencies = (
				1856E2991DEC2E630026B40A /* PBXTargetDependency */,
			);
			name = CAReplicatorLayerTests;
			productName = CAReplicatorLayerTests;
			productReference = 1856E2971DEC2E630026B40A /* CAReplicatorLayerTests.xctest */;
			productType = "com.apple.product-type.bundle.unit-test";
		};
		1856E2A11DEC2E630026B40A /* CAReplicatorLayerUITests */ = {
			isa = PBXNativeTarget;
			buildConfigurationList = 1856E2B11DEC2E630026B40A /* Build configuration list for PBXNativeTarget "CAReplicatorLayerUITests" */;
			buildPhases = (
				1856E29E1DEC2E630026B40A /* Sources */,
				1856E29F1DEC2E630026B40A /* Frameworks */,
				1856E2A01DEC2E630026B40A /* Resources */,
			);
			buildRules = (
			);
			dependencies = (
				1856E2A41DEC2E630026B40A /* PBXTargetDependency */,
			);
			name = CAReplicatorLayerUITests;
			productName = CAReplicatorLayerUITests;
			productReference = 1856E2A21DEC2E630026B40A /* CAReplicatorLayerUITests.xctest */;
			productType = "com.apple.product-type.bundle.ui-testing";
		};
/* End PBXNativeTarget section */

/* Begin PBXProject section */
		1856E2761DEC2E630026B40A /* Project object */ = {
			isa = PBXProject;
			attributes = {
				LastUpgradeCheck = 0810;
				ORGANIZATIONNAME = apple;
				TargetAttributes = {
					1856E27D1DEC2E630026B40A = {
						CreatedOnToolsVersion = 8.1;
						DevelopmentTeam = 48EHPK785T;
						ProvisioningStyle = Automatic;
					};
					1856E2961DEC2E630026B40A = {
						CreatedOnToolsVersion = 8.1;
						DevelopmentTeam = 48EHPK785T;
						ProvisioningStyle = Automatic;
						TestTargetID = 1856E27D1DEC2E630026B40A;
					};
					1856E2A11DEC2E630026B40A = {
						CreatedOnToolsVersion = 8.1;
						DevelopmentTeam = 48EHPK785T;
						ProvisioningStyle = Automatic;
						TestTargetID = 1856E27D1DEC2E630026B40A;
					};
				};
			};
			buildConfigurationList = 1856E2791DEC2E630026B40A /* Build configuration list for PBXProject "CAReplicatorLayer" */;
			compatibilityVersion = "Xcode 3.2";
			developmentRegion = English;
			hasScannedForEncodings = 0;
			knownRegions = (
				en,
				Base,
			);
			mainGroup = 1856E2751DEC2E630026B40A;
			productRefGroup = 1856E27F1DEC2E630026B40A /* Products */;
			projectDirPath = "";
			projectRoot = "";
			targets = (
				1856E27D1DEC2E630026B40A /* CAReplicatorLayer */,
				1856E2961DEC2E630026B40A /* CAReplicatorLayerTests */,
				1856E2A11DEC2E630026B40A /* CAReplicatorLayerUITests */,
			);
		};
/* End PBXProject section */

/* Begin PBXResourcesBuildPhase section */
		1856E27C1DEC2E630026B40A /* Resources */ = {
			isa = PBXResourcesBuildPhase;
			buildActionMask = 2147483647;
			files = (
				18A83C3B1DF945530027F99E /* Shader.fsh in Resources */,
				18FDDA5B1DFA63AB006C4F53 /* IMG_0602.PNG in Resources */,
				18A83C3C1DF945530027F99E /* Shader.vsh in Resources */,
				18A83C531DF94A400027F99E /* Default-568h@2x.png in Resources */,
				182412261DF10A2A00D8F477 /* Podfile in Resources */,
				1856E2911DEC2E630026B40A /* LaunchScreen.storyboard in Resources */,
				18A83C551DF94A400027F99E /* Default@2x.png in Resources */,
				1856E28E1DEC2E630026B40A /* Assets.xcassets in Resources */,
				18FDDA551DFA46EF006C4F53 /* MorePicTableViewCell.xib in Resources */,
				18A83C4F1DF946EA0027F99E /* background.jpg in Resources */,
				1856E28C1DEC2E630026B40A /* Main.storyboard in Resources */,
				182412241DF105D200D8F477 /* water.jpg in Resources */,
				18A83C541DF94A400027F99E /* Default.png in Resources */,
			);
			runOnlyForDeploymentPostprocessing = 0;
		};
		1856E2951DEC2E630026B40A /* Resources */ = {
			isa = PBXResourcesBuildPhase;
			buildActionMask = 2147483647;
			files = (
			);
			runOnlyForDeploymentPostprocessing = 0;
		};
		1856E2A01DEC2E630026B40A /* Resources */ = {
			isa = PBXResourcesBuildPhase;
			buildActionMask = 2147483647;
			files = (
			);
			runOnlyForDeploymentPostprocessing = 0;
		};
/* End PBXResourcesBuildPhase section */

/* Begin PBXShellScriptBuildPhase section */
		6A2FD4A73EC1D1C481B8C872 /* Check Pods Manifest.lock */ = {
			isa = PBXShellScriptBuildPhase;
			buildActionMask = 2147483647;
			files = (
			);
			inputPaths = (
			);
			name = "Check Pods Manifest.lock";
			outputPaths = (
			);
			runOnlyForDeploymentPostprocessing = 0;
			shellPath = /bin/sh;
			shellScript = "diff \"${PODS_ROOT}/../Podfile.lock\" \"${PODS_ROOT}/Manifest.lock\" > /dev/null\nif [[ $? != 0 ]] ; then\n    cat << EOM\nerror: The sandbox is not in sync with the Podfile.lock. Run 'pod install' or update your CocoaPods installation.\nEOM\n    exit 1\nfi\n";
			showEnvVarsInLog = 0;
		};
		8D601B3B0EE519D1F44102EA /* Embed Pods Frameworks */ = {
			isa = PBXShellScriptBuildPhase;
			buildActionMask = 2147483647;
			files = (
			);
			inputPaths = (
			);
			name = "Embed Pods Frameworks";
			outputPaths = (
			);
			runOnlyForDeploymentPostprocessing = 0;
			shellPath = /bin/sh;
			shellScript = "\"${SRCROOT}/Pods/Target Support Files/Pods/Pods-frameworks.sh\"\n";
			showEnvVarsInLog = 0;
		};
		9D5F21828E0A86BAD1E51920 /* Copy Pods Resources */ = {
			isa = PBXShellScriptBuildPhase;
			buildActionMask = 2147483647;
			files = (
			);
			inputPaths = (
			);
			name = "Copy Pods Resources";
			outputPaths = (
			);
			runOnlyForDeploymentPostprocessing = 0;
			shellPath = /bin/sh;
			shellScript = "\"${SRCROOT}/Pods/Target Support Files/Pods/Pods-resources.sh\"\n";
			showEnvVarsInLog = 0;
		};
/* End PBXShellScriptBuildPhase section */

/* Begin PBXSourcesBuildPhase section */
		1856E27A1DEC2E630026B40A /* Sources */ = {
			isa = PBXSourcesBuildPhase;
			buildActionMask = 2147483647;
			files = (
				18A83C571DF94B080027F99E /* Shader.vsh in Sources */,
				18A83C561DF94AFF0027F99E /* Shader.fsh in Sources */,
				18A83C2D1DF90EB10027F99E /* EmiterViewController.m in Sources */,
				18F5DB861DF692C600A3A6BA /* MaskViewController.m in Sources */,
				1824122E1DF1726800D8F477 /* SevenView.m in Sources */,
				18A83C241DF8E5220027F99E /* LodingImageView.m in Sources */,
				1824121A1DF0FA8900D8F477 /* MainViewController.m in Sources */,
				18FDDA541DFA46EF006C4F53 /* MorePicTableViewCell.m in Sources */,
				1856E2891DEC2E630026B40A /* ViewController.m in Sources */,
				1804FFCD1DED04F80029E4FB /* FirstView.m in Sources */,
				18FDDA591DFA4952006C4F53 /* MorePicModel.m in Sources */,
				18FDDA491DFA35E5006C4F53 /* MorePicLodingViewController.m in Sources */,
				182412221DF1036300D8F477 /* WavaImageView.m in Sources */,
				18A83C4D1DF9467B0027F99E /* RealWaveViewController.m in Sources */,
				18A83C2A1DF908030027F99E /* UIView+LTEmitterLayer.m in Sources */,
				18FDDA4C1DFA3721006C4F53 /* RequestData.m in Sources */,
				1856E2861DEC2E630026B40A /* AppDelegate.m in Sources */,
				18F5DB8C1DF69A4300A3A6BA /* UIView+MaskView.m in Sources */,
				18A83C3A1DF945530027F99E /* RippleTableViewController.m in Sources */,
				1804FFD11DED13230029E4FB /* SecondView.m in Sources */,
				18A83C381DF945530027F99E /* GLIRViewController.m in Sources */,
				1856E2831DEC2E630026B40A /* main.m in Sources */,
				1804FFD71DED24850029E4FB /* FourView.m in Sources */,
				1804FFDA1DED267E0029E4FB /* DefineCircle.m in Sources */,
				1804FFD41DED20EC0029E4FB /* ThreeView.m in Sources */,
				1824121D1DF1023D00D8F477 /* WaveViewController.m in Sources */,
				18D7E1191DEEA5A100DC605D /* DefineButton.m in Sources */,
				18A83C391DF945530027F99E /* RippleModel.m in Sources */,
				1804FFDD1DED522F0029E4FB /* SixView.m in Sources */,
			);
			runOnlyForDeploymentPostprocessing = 0;
		};
		1856E2931DEC2E630026B40A /* Sources */ = {
			isa = PBXSourcesBuildPhase;
			buildActionMask = 2147483647;
			files = (
				1856E29C1DEC2E630026B40A /* CAReplicatorLayerTests.m in Sources */,
			);
			runOnlyForDeploymentPostprocessing = 0;
		};
		1856E29E1DEC2E630026B40A /* Sources */ = {
			isa = PBXSourcesBuildPhase;
			buildActionMask = 2147483647;
			files = (
				1856E2A71DEC2E630026B40A /* CAReplicatorLayerUITests.m in Sources */,
			);
			runOnlyForDeploymentPostprocessing = 0;
		};
/* End PBXSourcesBuildPhase section */

/* Begin PBXTargetDependency section */
		1856E2991DEC2E630026B40A /* PBXTargetDependency */ = {
			isa = PBXTargetDependency;
			target = 1856E27D1DEC2E630026B40A /* CAReplicatorLayer */;
			targetProxy = 1856E2981DEC2E630026B40A /* PBXContainerItemProxy */;
		};
		1856E2A41DEC2E630026B40A /* PBXTargetDependency */ = {
			isa = PBXTargetDependency;
			target = 1856E27D1DEC2E630026B40A /* CAReplicatorLayer */;
			targetProxy = 1856E2A31DEC2E630026B40A /* PBXContainerItemProxy */;
		};
/* End PBXTargetDependency section */

/* Begin PBXVariantGroup section */
		1856E28A1DEC2E630026B40A /* Main.storyboard */ = {
			isa = PBXVariantGroup;
			children = (
				1856E28B1DEC2E630026B40A /* Base */,
			);
			name = Main.storyboard;
			sourceTree = "<group>";
		};
		1856E28F1DEC2E630026B40A /* LaunchScreen.storyboard */ = {
			isa = PBXVariantGroup;
			children = (
				1856E2901DEC2E630026B40A /* Base */,
			);
			name = LaunchScreen.storyboard;
			sourceTree = "<group>";
		};
/* End PBXVariantGroup section */

/* Begin XCBuildConfiguration section */
		1856E2A91DEC2E630026B40A /* Debug */ = {
			isa = XCBuildConfiguration;
			buildSettings = {
				ALWAYS_SEARCH_USER_PATHS = NO;
				CLANG_ANALYZER_NONNULL = YES;
				CLANG_CXX_LANGUAGE_STANDARD = "gnu++0x";
				CLANG_CXX_LIBRARY = "libc++";
				CLANG_ENABLE_MODULES = YES;
				CLANG_ENABLE_OBJC_ARC = YES;
				CLANG_WARN_BOOL_CONVERSION = YES;
				CLANG_WARN_CONSTANT_CONVERSION = YES;
				CLANG_WARN_DIRECT_OBJC_ISA_USAGE = YES_ERROR;
				CLANG_WARN_DOCUMENTATION_COMMENTS = YES;
				CLANG_WARN_EMPTY_BODY = YES;
				CLANG_WARN_ENUM_CONVERSION = YES;
				CLANG_WARN_INFINITE_RECURSION = YES;
				CLANG_WARN_INT_CONVERSION = YES;
				CLANG_WARN_OBJC_ROOT_CLASS = YES_ERROR;
				CLANG_WARN_SUSPICIOUS_MOVES = YES;
				CLANG_WARN_UNREACHABLE_CODE = YES;
				CLANG_WARN__DUPLICATE_METHOD_MATCH = YES;
				"CODE_SIGN_IDENTITY[sdk=iphoneos*]" = "iPhone Developer";
				COPY_PHASE_STRIP = NO;
				DEBUG_INFORMATION_FORMAT = dwarf;
				ENABLE_STRICT_OBJC_MSGSEND = YES;
				ENABLE_TESTABILITY = YES;
				GCC_C_LANGUAGE_STANDARD = gnu99;
				GCC_DYNAMIC_NO_PIC = NO;
				GCC_NO_COMMON_BLOCKS = YES;
				GCC_OPTIMIZATION_LEVEL = 0;
				GCC_PREPROCESSOR_DEFINITIONS = (
					"DEBUG=1",
					"$(inherited)",
				);
				GCC_WARN_64_TO_32_BIT_CONVERSION = YES;
				GCC_WARN_ABOUT_RETURN_TYPE = YES_ERROR;
				GCC_WARN_UNDECLARED_SELECTOR = YES;
				GCC_WARN_UNINITIALIZED_AUTOS = YES_AGGRESSIVE;
				GCC_WARN_UNUSED_FUNCTION = YES;
				GCC_WARN_UNUSED_VARIABLE = YES;
				IPHONEOS_DEPLOYMENT_TARGET = 10.1;
				MTL_ENABLE_DEBUG_INFO = YES;
				ONLY_ACTIVE_ARCH = YES;
				SDKROOT = iphoneos;
			};
			name = Debug;
		};
		1856E2AA1DEC2E630026B40A /* Release */ = {
			isa = XCBuildConfiguration;
			buildSettings = {
				ALWAYS_SEARCH_USER_PATHS = NO;
				CLANG_ANALYZER_NONNULL = YES;
				CLANG_CXX_LANGUAGE_STANDARD = "gnu++0x";
				CLANG_CXX_LIBRARY = "libc++";
				CLANG_ENABLE_MODULES = YES;
				CLANG_ENABLE_OBJC_ARC = YES;
				CLANG_WARN_BOOL_CONVERSION = YES;
				CLANG_WARN_CONSTANT_CONVERSION = YES;
				CLANG_WARN_DIRECT_OBJC_ISA_USAGE = YES_ERROR;
				CLANG_WARN_DOCUMENTATION_COMMENTS = YES;
				CLANG_WARN_EMPTY_BODY = YES;
				CLANG_WARN_ENUM_CONVERSION = YES;
				CLANG_WARN_INFINITE_RECURSION = YES;
				CLANG_WARN_INT_CONVERSION = YES;
				CLANG_WARN_OBJC_ROOT_CLASS = YES_ERROR;
				CLANG_WARN_SUSPICIOUS_MOVES = YES;
				CLANG_WARN_UNREACHABLE_CODE = YES;
				CLANG_WARN__DUPLICATE_METHOD_MATCH = YES;
				"CODE_SIGN_IDENTITY[sdk=iphoneos*]" = "iPhone Developer";
				COPY_PHASE_STRIP = NO;
				DEBUG_INFORMATION_FORMAT = "dwarf-with-dsym";
				ENABLE_NS_ASSERTIONS = NO;
				ENABLE_STRICT_OBJC_MSGSEND = YES;
				GCC_C_LANGUAGE_STANDARD = gnu99;
				GCC_NO_COMMON_BLOCKS = YES;
				GCC_WARN_64_TO_32_BIT_CONVERSION = YES;
				GCC_WARN_ABOUT_RETURN_TYPE = YES_ERROR;
				GCC_WARN_UNDECLARED_SELECTOR = YES;
				GCC_WARN_UNINITIALIZED_AUTOS = YES_AGGRESSIVE;
				GCC_WARN_UNUSED_FUNCTION = YES;
				GCC_WARN_UNUSED_VARIABLE = YES;
				IPHONEOS_DEPLOYMENT_TARGET = 10.1;
				MTL_ENABLE_DEBUG_INFO = NO;
				SDKROOT = iphoneos;
				VALIDATE_PRODUCT = YES;
			};
			name = Release;
		};
		1856E2AC1DEC2E630026B40A /* Debug */ = {
			isa = XCBuildConfiguration;
			baseConfigurationReference = 2989F0E1167C00DF30D6C4AE /* Pods.debug.xcconfig */;
			buildSettings = {
				ASSETCATALOG_COMPILER_APPICON_NAME = AppIcon;
				DEVELOPMENT_TEAM = 48EHPK785T;
				GCC_PREFIX_HEADER = $SRCROOT/CAReplicatorLayer/PrefixHeader.pch;
				INFOPLIST_FILE = CAReplicatorLayer/Info.plist;
				LD_RUNPATH_SEARCH_PATHS = "$(inherited) @executable_path/Frameworks";
				PRODUCT_BUNDLE_IDENTIFIER = com.compay.love.CAReplicatorLayer;
				PRODUCT_NAME = "$(TARGET_NAME)";
			};
			name = Debug;
		};
		1856E2AD1DEC2E630026B40A /* Release */ = {
			isa = XCBuildConfiguration;
			baseConfigurationReference = 1208BC13AF37F496058BFB88 /* Pods.release.xcconfig */;
			buildSettings = {
				ASSETCATALOG_COMPILER_APPICON_NAME = AppIcon;
				DEVELOPMENT_TEAM = 48EHPK785T;
				GCC_PREFIX_HEADER = $SRCROOT/CAReplicatorLayer/PrefixHeader.pch;
				INFOPLIST_FILE = CAReplicatorLayer/Info.plist;
				LD_RUNPATH_SEARCH_PATHS = "$(inherited) @executable_path/Frameworks";
				PRODUCT_BUNDLE_IDENTIFIER = com.compay.love.CAReplicatorLayer;
				PRODUCT_NAME = "$(TARGET_NAME)";
			};
			name = Release;
		};
		1856E2AF1DEC2E630026B40A /* Debug */ = {
			isa = XCBuildConfiguration;
			buildSettings = {
				BUNDLE_LOADER = "$(TEST_HOST)";
				DEVELOPMENT_TEAM = 48EHPK785T;
				INFOPLIST_FILE = CAReplicatorLayerTests/Info.plist;
				LD_RUNPATH_SEARCH_PATHS = "$(inherited) @executable_path/Frameworks @loader_path/Frameworks";
				PRODUCT_BUNDLE_IDENTIFIER = com.compay.love.CAReplicatorLayerTests;
				PRODUCT_NAME = "$(TARGET_NAME)";
				TEST_HOST = "$(BUILT_PRODUCTS_DIR)/CAReplicatorLayer.app/CAReplicatorLayer";
			};
			name = Debug;
		};
		1856E2B01DEC2E630026B40A /* Release */ = {
			isa = XCBuildConfiguration;
			buildSettings = {
				BUNDLE_LOADER = "$(TEST_HOST)";
				DEVELOPMENT_TEAM = 48EHPK785T;
				INFOPLIST_FILE = CAReplicatorLayerTests/Info.plist;
				LD_RUNPATH_SEARCH_PATHS = "$(inherited) @executable_path/Frameworks @loader_path/Frameworks";
				PRODUCT_BUNDLE_IDENTIFIER = com.compay.love.CAReplicatorLayerTests;
				PRODUCT_NAME = "$(TARGET_NAME)";
				TEST_HOST = "$(BUILT_PRODUCTS_DIR)/CAReplicatorLayer.app/CAReplicatorLayer";
			};
			name = Release;
		};
		1856E2B21DEC2E630026B40A /* Debug */ = {
			isa = XCBuildConfiguration;
			buildSettings = {
				DEVELOPMENT_TEAM = 48EHPK785T;
				INFOPLIST_FILE = CAReplicatorLayerUITests/Info.plist;
				LD_RUNPATH_SEARCH_PATHS = "$(inherited) @executable_path/Frameworks @loader_path/Frameworks";
				PRODUCT_BUNDLE_IDENTIFIER = com.compay.love.CAReplicatorLayerUITests;
				PRODUCT_NAME = "$(TARGET_NAME)";
				TEST_TARGET_NAME = CAReplicatorLayer;
			};
			name = Debug;
		};
		1856E2B31DEC2E630026B40A /* Release */ = {
			isa = XCBuildConfiguration;
			buildSettings = {
				DEVELOPMENT_TEAM = 48EHPK785T;
				INFOPLIST_FILE = CAReplicatorLayerUITests/Info.plist;
				LD_RUNPATH_SEARCH_PATHS = "$(inherited) @executable_path/Frameworks @loader_path/Frameworks";
				PRODUCT_BUNDLE_IDENTIFIER = com.compay.love.CAReplicatorLayerUITests;
				PRODUCT_NAME = "$(TARGET_NAME)";
				TEST_TARGET_NAME = CAReplicatorLayer;
			};
			name = Release;
		};
/* End XCBuildConfiguration section */

/* Begin XCConfigurationList section */
		1856E2791DEC2E630026B40A /* Build configuration list for PBXProject "CAReplicatorLayer" */ = {
			isa = XCConfigurationList;
			buildConfigurations = (
				1856E2A91DEC2E630026B40A /* Debug */,
				1856E2AA1DEC2E630026B40A /* Release */,
			);
			defaultConfigurationIsVisible = 0;
			defaultConfigurationName = Release;
		};
		1856E2AB1DEC2E630026B40A /* Build configuration list for PBXNativeTarget "CAReplicatorLayer" */ = {
			isa = XCConfigurationList;
			buildConfigurations = (
				1856E2AC1DEC2E630026B40A /* Debug */,
				1856E2AD1DEC2E630026B40A /* Release */,
			);
			defaultConfigurationIsVisible = 0;
			defaultConfigurationName = Release;
		};
		1856E2AE1DEC2E630026B40A /* Build configuration list for PBXNativeTarget "CAReplicatorLayerTests" */ = {
			isa = XCConfigurationList;
			buildConfigurations = (
				1856E2AF1DEC2E630026B40A /* Debug */,
				1856E2B01DEC2E630026B40A /* Release */,
			);
			defaultConfigurationIsVisible = 0;
			defaultConfigurationName = Release;
		};
		1856E2B11DEC2E630026B40A /* Build configuration list for PBXNativeTarget "CAReplicatorLayerUITests" */ = {
			isa = XCConfigurationList;
			buildConfigurations = (
				1856E2B21DEC2E630026B40A /* Debug */,
				1856E2B31DEC2E630026B40A /* Release */,
			);
			defaultConfigurationIsVisible = 0;
			defaultConfigurationName = Release;
		};
/* End XCConfigurationList section */
	};
	rootObject = 1856E2761DEC2E630026B40A /* Project object */;
}
